# THIS IS AN AUTOGENERATED FILE. DO NOT EDIT THIS FILE DIRECTLY.
# yarn lockfile v1


"@cspotcode/source-map-consumer@0.8.0":
  version "0.8.0"
  resolved "https://registry.yarnpkg.com/@cspotcode/source-map-consumer/-/source-map-consumer-0.8.0.tgz#33bf4b7b39c178821606f669bbc447a6a629786b"
  integrity sha512-41qniHzTU8yAGbCp04ohlmSrZf8bkf/iJsl3V0dRGsQN/5GFfx+LbCSsCpp2gqrqjTVg/K6O8ycoV35JIwAzAg==

"@cspotcode/source-map-support@0.7.0":
  version "0.7.0"
  resolved "https://registry.yarnpkg.com/@cspotcode/source-map-support/-/source-map-support-0.7.0.tgz#4789840aa859e46d2f3173727ab707c66bf344f5"
  integrity sha512-X4xqRHqN8ACt2aHVe51OxeA2HjbcL4MqFqXkrmQszJ1NOUuUu5u6Vqx/0lZSVNku7velL5FC/s5uEAj1lsBMhA==
  dependencies:
    "@cspotcode/source-map-consumer" "0.8.0"

"@dabh/diagnostics@^2.0.2":
  version "2.0.2"
  resolved "https://registry.yarnpkg.com/@dabh/diagnostics/-/diagnostics-2.0.2.tgz#290d08f7b381b8f94607dc8f471a12c675f9db31"
  integrity sha512-+A1YivoVDNNVCdfozHSR8v/jyuuLTMXwjWuxPFlFlUapXoGc+Gj9mDlTDDfrwl7rXCl2tNZ0kE8sIBO6YOn96Q==
  dependencies:
    colorspace "1.1.x"
    enabled "2.0.x"
    kuler "^2.0.0"

"@esbuild/android-arm@0.15.9":
  version "0.15.9"
  resolved "https://registry.yarnpkg.com/@esbuild/android-arm/-/android-arm-0.15.9.tgz#7e1221604ab88ed5021ead74fa8cca4405e1e431"
  integrity sha512-VZPy/ETF3fBG5PiinIkA0W/tlsvlEgJccyN2DzWZEl0DlVKRbu91PvY2D6Lxgluj4w9QtYHjOWjAT44C+oQ+EQ==

"@esbuild/linux-loong64@0.15.9":
  version "0.15.9"
  resolved "https://registry.yarnpkg.com/@esbuild/linux-loong64/-/linux-loong64-0.15.9.tgz#b658a97babf1f40783354af7039b84c3fdfc3fc3"
  integrity sha512-O+NfmkfRrb3uSsTa4jE3WApidSe3N5++fyOVGP1SmMZi4A3BZELkhUUvj5hwmMuNdlpzAZ8iAPz2vmcR7DCFQA==

"@tsconfig/node10@^1.0.7":
  version "1.0.8"
  resolved "https://registry.yarnpkg.com/@tsconfig/node10/-/node10-1.0.8.tgz#c1e4e80d6f964fbecb3359c43bd48b40f7cadad9"
  integrity sha512-6XFfSQmMgq0CFLY1MslA/CPUfhIL919M1rMsa5lP2P097N2Wd1sSX0tx1u4olM16fLNhtHZpRhedZJphNJqmZg==

"@tsconfig/node12@^1.0.7":
  version "1.0.9"
  resolved "https://registry.yarnpkg.com/@tsconfig/node12/-/node12-1.0.9.tgz#62c1f6dee2ebd9aead80dc3afa56810e58e1a04c"
  integrity sha512-/yBMcem+fbvhSREH+s14YJi18sp7J9jpuhYByADT2rypfajMZZN4WQ6zBGgBKp53NKmqI36wFYDb3yaMPurITw==

"@tsconfig/node14@^1.0.0":
  version "1.0.1"
  resolved "https://registry.yarnpkg.com/@tsconfig/node14/-/node14-1.0.1.tgz#95f2d167ffb9b8d2068b0b235302fafd4df711f2"
  integrity sha512-509r2+yARFfHHE7T6Puu2jjkoycftovhXRqW328PDXTVGKihlb1P8Z9mMZH04ebyajfRY7dedfGynlrFHJUQCg==

"@tsconfig/node16@^1.0.2":
  version "1.0.2"
  resolved "https://registry.yarnpkg.com/@tsconfig/node16/-/node16-1.0.2.tgz#423c77877d0569db20e1fc80885ac4118314010e"
  integrity sha512-eZxlbI8GZscaGS7kkc/trHTT5xgrjH3/1n2JDwusC9iahPKWMRvRjJSAN5mCXviuTGQ/lHnhvv8Q1YTpnfz9gA==

"@types/fs-extra@^9.0.13":
  version "9.0.13"
  resolved "https://registry.yarnpkg.com/@types/fs-extra/-/fs-extra-9.0.13.tgz#7594fbae04fe7f1918ce8b3d213f74ff44ac1f45"
  integrity sha512-nEnwB++1u5lVDM2UI4c1+5R+FYaKfaAzS4OococimjVm3nQw3TuzH5UNsocrcTBbhnerblyHj4A49qXbIiZdpA==
  dependencies:
    "@types/node" "*"

"@types/node@*", "@types/node@^16.11.12":
  version "16.11.12"
  resolved "https://registry.yarnpkg.com/@types/node/-/node-16.11.12.tgz#ac7fb693ac587ee182c3780c26eb65546a1a3c10"
  integrity sha512-+2Iggwg7PxoO5Kyhvsq9VarmPbIelXP070HMImEpbtGCoyWNINQj4wzjbQCXzdHTRXnqufutJb5KAURZANNBAw==

"@types/ws@^8.2.2":
  version "8.2.2"
  resolved "https://registry.yarnpkg.com/@types/ws/-/ws-8.2.2.tgz#7c5be4decb19500ae6b3d563043cd407bf366c21"
  integrity sha512-NOn5eIcgWLOo6qW8AcuLZ7G8PycXu0xTxxkS6Q18VWFxgPUSOwV0pBj2a/4viNZVu25i7RIB7GttdkAIUUXOOg==
  dependencies:
    "@types/node" "*"

acorn-walk@^8.1.1:
  version "8.2.0"
  resolved "https://registry.yarnpkg.com/acorn-walk/-/acorn-walk-8.2.0.tgz#741210f2e2426454508853a2f44d0ab83b7f69c1"
  integrity sha512-k+iyHEuPgSw6SbuDpGQM+06HQUa04DZ3o+F6CSzXMvvI5KMvnaEqXe+YVe555R9nn6GPt404fos4wcgpw12SDA==

acorn@^8.4.1:
  version "8.7.0"
  resolved "https://registry.yarnpkg.com/acorn/-/acorn-8.7.0.tgz#90951fde0f8f09df93549481e5fc141445b791cf"
  integrity sha512-V/LGr1APy+PXIwKebEWrkZPwoeoF+w1jiOBUmuxuiUIaOHtob8Qc9BTrYo7VuI5fR8tqsy+buA2WFooR5olqvQ==

ansi-styles@^3.2.1:
  version "3.2.1"
  resolved "https://registry.yarnpkg.com/ansi-styles/-/ansi-styles-3.2.1.tgz#41fbb20243e50b12be0f04b8dedbf07520ce841d"
  integrity sha512-VT0ZI6kZRdTh8YyJw3SMbYm/u+NqfsAxEpWO0Pf9sq8/e94WxxOpPKx9FR1FlyCtOVDNOQ+8ntlqFxiRc+r5qA==
  dependencies:
    color-convert "^1.9.0"

arg@^4.1.0:
  version "4.1.3"
  resolved "https://registry.yarnpkg.com/arg/-/arg-4.1.3.tgz#269fc7ad5b8e42cb63c896d5666017261c144089"
  integrity sha512-58S9QDqG0Xx27YwPSt9fJxivjYl432YCwfDMfZ+71RAqUrZef7LrKQZ3LHLOwCS4FLNBplP533Zx895SeOCHvA==

array-back@^3.0.1, array-back@^3.1.0:
  version "3.1.0"
  resolved "https://registry.yarnpkg.com/array-back/-/array-back-3.1.0.tgz#b8859d7a508871c9a7b2cf42f99428f65e96bfb0"
  integrity sha512-TkuxA4UCOvxuDK6NZYXCalszEzj+TLszyASooky+i742l9TqsOdYCMJJupxRic61hwquNtppB3hgcuq9SVSH1Q==

array-back@^4.0.1:
  version "4.0.2"
  resolved "https://registry.yarnpkg.com/array-back/-/array-back-4.0.2.tgz#8004e999a6274586beeb27342168652fdb89fa1e"
  integrity sha512-NbdMezxqf94cnNfWLL7V/im0Ub+Anbb0IoZhvzie8+4HJ4nMQuzHuy49FkGYCJK2yAloZ3meiB6AVMClbrI1vg==

async@^3.2.3:
  version "3.2.3"
  resolved "https://registry.yarnpkg.com/async/-/async-3.2.3.tgz#ac53dafd3f4720ee9e8a160628f18ea91df196c9"
  integrity sha512-spZRyzKL5l5BZQrr/6m/SqFdBN0q3OCI0f9rjfBzCMBIP4p75P620rR3gTmaksNOhmzgdxcaxdNfMy6anrbM0g==

balanced-match@^1.0.0:
  version "1.0.2"
  resolved "https://registry.yarnpkg.com/balanced-match/-/balanced-match-1.0.2.tgz#e83e3a7e3f300b34cb9d87f615fa0cbf357690ee"
  integrity sha512-3oSeUO0TMV67hN1AmbXsK4yaqU7tjiHlbxRDZOpH0KW9+CeX4bRAaX0Anxt0tx2MrpRpWwQaPwIlISEJhYU5Pw==

brace-expansion@^1.1.7:
  version "1.1.11"
  resolved "https://registry.yarnpkg.com/brace-expansion/-/brace-expansion-1.1.11.tgz#3c7fcbf529d87226f3d2f52b966ff5271eb441dd"
  integrity sha512-iCuPHDFgrHX7H2vEI/5xpz07zSHB00TpugqhmYtVmMO6518mCuRMoOYFldEBl0g187ufozdaHgWKcYFb61qGiA==
  dependencies:
    balanced-match "^1.0.0"
    concat-map "0.0.1"

chalk@^2.4.2:
  version "2.4.2"
  resolved "https://registry.yarnpkg.com/chalk/-/chalk-2.4.2.tgz#cd42541677a54333cf541a49108c1432b44c9424"
  integrity sha512-Mti+f9lpJNcwF4tWV8/OrTTtF1gZi+f8FqlyAdouralcFWFQWF2+NgCHShjkCb+IFBLq9buZwE1xckQU4peSuQ==
  dependencies:
    ansi-styles "^3.2.1"
    escape-string-regexp "^1.0.5"
    supports-color "^5.3.0"

color-convert@^1.9.0, color-convert@^1.9.3:
  version "1.9.3"
  resolved "https://registry.yarnpkg.com/color-convert/-/color-convert-1.9.3.tgz#bb71850690e1f136567de629d2d5471deda4c1e8"
  integrity sha512-QfAUtd+vFdAtFQcC8CCyYt1fYWxSqAiK2cSD6zDB8N3cpsEBAvRxp9zOGg6G/SHHJYAT88/az/IuDGALsNVbGg==
  dependencies:
    color-name "1.1.3"

color-name@1.1.3:
  version "1.1.3"
  resolved "https://registry.yarnpkg.com/color-name/-/color-name-1.1.3.tgz#a7d0558bd89c42f795dd42328f740831ca53bc25"
  integrity sha1-p9BVi9icQveV3UIyj3QIMcpTvCU=

color-name@^1.0.0:
  version "1.1.4"
  resolved "https://registry.yarnpkg.com/color-name/-/color-name-1.1.4.tgz#c2a09a87acbde69543de6f63fa3995c826c536a2"
  integrity sha512-dOy+3AuW3a2wNbZHIuMZpTcgjGuLU/uBL/ubcZF9OXbDo8ff4O8yVp5Bf0efS8uEoYo5q4Fx7dY9OgQGXgAsQA==

color-string@^1.6.0:
  version "1.9.0"
  resolved "https://registry.yarnpkg.com/color-string/-/color-string-1.9.0.tgz#63b6ebd1bec11999d1df3a79a7569451ac2be8aa"
  integrity sha512-9Mrz2AQLefkH1UvASKj6v6hj/7eWgjnT/cVsR8CumieLoT+g900exWeNogqtweI8dxloXN9BDQTYro1oWu/5CQ==
  dependencies:
    color-name "^1.0.0"
    simple-swizzle "^0.2.2"

color@^3.1.3:
  version "3.2.1"
  resolved "https://registry.yarnpkg.com/color/-/color-3.2.1.tgz#3544dc198caf4490c3ecc9a790b54fe9ff45e164"
  integrity sha512-aBl7dZI9ENN6fUGC7mWpMTPNHmWUSNan9tuWN6ahh5ZLNk9baLJOnSMlrQkHcrfFgz2/RigjUVAjdx36VcemKA==
  dependencies:
    color-convert "^1.9.3"
    color-string "^1.6.0"

colors@1.4.0:
  version "1.4.0"
  resolved "https://registry.yarnpkg.com/colors/-/colors-1.4.0.tgz#c50491479d4c1bdaed2c9ced32cf7c7dc2360f78"
  integrity sha512-a+UqTh4kgZg/SlGvfbzDHpgRu7AAQOmmqRHJnxhRZICKFUT91brVhNNt58CMWU9PsBbv3PDCZUHbVxuDiH2mtA==

colorspace@1.1.x:
  version "1.1.4"
  resolved "https://registry.yarnpkg.com/colorspace/-/colorspace-1.1.4.tgz#8d442d1186152f60453bf8070cd66eb364e59243"
  integrity sha512-BgvKJiuVu1igBUF2kEjRCZXol6wiiGbY5ipL/oVPwm0BL9sIpMIzM8IK7vwuxIIzOXMV3Ey5w+vxhm0rR/TN8w==
  dependencies:
    color "^3.1.3"
    text-hex "1.0.x"

command-line-args@^5.1.1:
  version "5.2.1"
  resolved "https://registry.yarnpkg.com/command-line-args/-/command-line-args-5.2.1.tgz#c44c32e437a57d7c51157696893c5909e9cec42e"
  integrity sha512-H4UfQhZyakIjC74I9d34fGYDwk3XpSr17QhEd0Q3I9Xq1CETHo4Hcuo87WyWHpAF1aSLjLRf5lD9ZGX2qStUvg==
  dependencies:
    array-back "^3.1.0"
    find-replace "^3.0.0"
    lodash.camelcase "^4.3.0"
    typical "^4.0.0"

command-line-usage@^6.1.1:
  version "6.1.1"
  resolved "https://registry.yarnpkg.com/command-line-usage/-/command-line-usage-6.1.1.tgz#c908e28686108917758a49f45efb4f02f76bc03f"
  integrity sha512-F59pEuAR9o1SF/bD0dQBDluhpT4jJQNWUHEuVBqpDmCUo6gPjCi+m9fCWnWZVR/oG6cMTUms4h+3NPl74wGXvA==
  dependencies:
    array-back "^4.0.1"
    chalk "^2.4.2"
    table-layout "^1.0.1"
    typical "^5.2.0"

concat-map@0.0.1:
  version "0.0.1"
  resolved "https://registry.yarnpkg.com/concat-map/-/concat-map-0.0.1.tgz#d8a96bd77fd68df7793a73036a3ba0d5405d477b"
  integrity sha1-2Klr13/Wjfd5OnMDajug1UBdR3s=

create-require@^1.1.0:
  version "1.1.1"
  resolved "https://registry.yarnpkg.com/create-require/-/create-require-1.1.1.tgz#c1d7e8f1e5f6cfc9ff65f9cd352d37348756c333"
  integrity sha512-dcKFX3jn0MpIaXjisoRvexIJVEKzaq7z2rZKxf+MSr9TkdmHmsU4m2lcLojrj/FHl8mk5VxMmYA+ftRkP/3oKQ==

deep-extend@~0.6.0:
  version "0.6.0"
  resolved "https://registry.yarnpkg.com/deep-extend/-/deep-extend-0.6.0.tgz#c4fa7c95404a17a9c3e8ca7e1537312b736330ac"
  integrity sha512-LOHxIOaPYdHlJRtCQfDIVZtfw/ufM8+rVj649RIHzcm/vGwQRXFt6OPqIFWsm2XEMrNIEtWR64sY1LEKD2vAOA==

diff@^4.0.1:
  version "4.0.2"
  resolved "https://registry.yarnpkg.com/diff/-/diff-4.0.2.tgz#60f3aecb89d5fae520c11aa19efc2bb982aade7d"
  integrity sha512-58lmxKSA4BNyLz+HHMUzlOEpg09FV+ev6ZMe3vJihgdxzgcwZ8VoEEPmALCZG9LmqfVoNMMKpttIYTVG6uDY7A==

enabled@2.0.x:
  version "2.0.0"
  resolved "https://registry.yarnpkg.com/enabled/-/enabled-2.0.0.tgz#f9dd92ec2d6f4bbc0d5d1e64e21d61cd4665e7c2"
  integrity sha512-AKrN98kuwOzMIdAizXGI86UFBoo26CL21UM763y1h/GMSJ4/OHU9k2YlsmBpyScFo/wbLzWQJBMCW4+IO3/+OQ==

esbuild-android-64@0.15.9:
  version "0.15.9"
  resolved "https://registry.yarnpkg.com/esbuild-android-64/-/esbuild-android-64-0.15.9.tgz#4a7eb320ca8d3a305f14792061fd9614ccebb7c0"
  integrity sha512-HQCX7FJn9T4kxZQkhPjNZC7tBWZqJvhlLHPU2SFzrQB/7nDXjmTIFpFTjt7Bd1uFpeXmuwf5h5fZm+x/hLnhbw==

esbuild-android-arm64@0.15.9:
  version "0.15.9"
  resolved "https://registry.yarnpkg.com/esbuild-android-arm64/-/esbuild-android-arm64-0.15.9.tgz#c948e5686df20857ad361ec67e070d40d7cab985"
  integrity sha512-E6zbLfqbFVCNEKircSHnPiSTsm3fCRxeIMPfrkS33tFjIAoXtwegQfVZqMGR0FlsvVxp2NEDOUz+WW48COCjSg==

esbuild-darwin-64@0.15.9:
  version "0.15.9"
  resolved "https://registry.yarnpkg.com/esbuild-darwin-64/-/esbuild-darwin-64-0.15.9.tgz#25f564fa4b39c1cec84dc46bce5634fdbce1d5e4"
  integrity sha512-gI7dClcDN/HHVacZhTmGjl0/TWZcGuKJ0I7/xDGJwRQQn7aafZGtvagOFNmuOq+OBFPhlPv1T6JElOXb0unkSQ==

esbuild-darwin-arm64@0.15.9:
  version "0.15.9"
  resolved "https://registry.yarnpkg.com/esbuild-darwin-arm64/-/esbuild-darwin-arm64-0.15.9.tgz#60faea3ed95d15239536aa88d06bb82b29278a86"
  integrity sha512-VZIMlcRN29yg/sv7DsDwN+OeufCcoTNaTl3Vnav7dL/nvsApD7uvhVRbgyMzv0zU/PP0xRhhIpTyc7lxEzHGSw==

esbuild-freebsd-64@0.15.9:
  version "0.15.9"
  resolved "https://registry.yarnpkg.com/esbuild-freebsd-64/-/esbuild-freebsd-64-0.15.9.tgz#0339ef1c90a919175e7816788224517896657a0e"
  integrity sha512-uM4z5bTvuAXqPxrI204txhlsPIolQPWRMLenvGuCPZTnnGlCMF2QLs0Plcm26gcskhxewYo9LkkmYSS5Czrb5A==

esbuild-freebsd-arm64@0.15.9:
  version "0.15.9"
  resolved "https://registry.yarnpkg.com/esbuild-freebsd-arm64/-/esbuild-freebsd-arm64-0.15.9.tgz#32abfc0be3ae3dd38e5a86a9beadbbcf592f1b57"
  integrity sha512-HHDjT3O5gWzicGdgJ5yokZVN9K9KG05SnERwl9nBYZaCjcCgj/sX8Ps1jvoFSfNCO04JSsHSOWo4qvxFuj8FoA==

esbuild-linux-32@0.15.9:
  version "0.15.9"
  resolved "https://registry.yarnpkg.com/esbuild-linux-32/-/esbuild-linux-32-0.15.9.tgz#93581348a4da7ed2b29bc5539f2605ad7fcee77b"
  integrity sha512-AQIdE8FugGt1DkcekKi5ycI46QZpGJ/wqcMr7w6YUmOmp2ohQ8eO4sKUsOxNOvYL7hGEVwkndSyszR6HpVHLFg==

esbuild-linux-64@0.15.9:
  version "0.15.9"
  resolved "https://registry.yarnpkg.com/esbuild-linux-64/-/esbuild-linux-64-0.15.9.tgz#0d171e7946c95d0d3ed4826026af2c5632d7dcc4"
  integrity sha512-4RXjae7g6Qs7StZyiYyXTZXBlfODhb1aBVAjd+ANuPmMhWthQilWo7rFHwJwL7DQu1Fjej2sODAVwLbcIVsAYQ==

esbuild-linux-arm64@0.15.9:
  version "0.15.9"
  resolved "https://registry.yarnpkg.com/esbuild-linux-arm64/-/esbuild-linux-arm64-0.15.9.tgz#9838795a3720cbe736d3bc20621bd366eac22f24"
  integrity sha512-a+bTtxJmYmk9d+s2W4/R1SYKDDAldOKmWjWP0BnrWtDbvUBNOm++du0ysPju4mZVoEFgS1yLNW+VXnG/4FNwdQ==

esbuild-linux-arm@0.15.9:
  version "0.15.9"
  resolved "https://registry.yarnpkg.com/esbuild-linux-arm/-/esbuild-linux-arm-0.15.9.tgz#dce96cd817bc7376f6af3967649c4ab1f2f79506"
  integrity sha512-3Zf2GVGUOI7XwChH3qrnTOSqfV1V4CAc/7zLVm4lO6JT6wbJrTgEYCCiNSzziSju+J9Jhf9YGWk/26quWPC6yQ==

esbuild-linux-mips64le@0.15.9:
  version "0.15.9"
  resolved "https://registry.yarnpkg.com/esbuild-linux-mips64le/-/esbuild-linux-mips64le-0.15.9.tgz#0335a0739e61aa97cb9b4a018e3facfcca9cdcfd"
  integrity sha512-Zn9HSylDp89y+TRREMDoGrc3Z4Hs5u56ozZLQCiZAUx2+HdbbXbWdjmw3FdTJ/i7t5Cew6/Q+6kfO3KCcFGlyw==

esbuild-linux-ppc64le@0.15.9:
  version "0.15.9"
  resolved "https://registry.yarnpkg.com/esbuild-linux-ppc64le/-/esbuild-linux-ppc64le-0.15.9.tgz#18482afb95b8a705e2da0a59d7131bff221281f9"
  integrity sha512-OEiOxNAMH9ENFYqRsWUj3CWyN3V8P3ZXyfNAtX5rlCEC/ERXrCEFCJji/1F6POzsXAzxvUJrTSTCy7G6BhA6Fw==

esbuild-linux-riscv64@0.15.9:
  version "0.15.9"
  resolved "https://registry.yarnpkg.com/esbuild-linux-riscv64/-/esbuild-linux-riscv64-0.15.9.tgz#03b6f9708272c117006b9ce1c9ae8aab91b5a5b6"
  integrity sha512-ukm4KsC3QRausEFjzTsOZ/qqazw0YvJsKmfoZZm9QW27OHjk2XKSQGGvx8gIEswft/Sadp03/VZvAaqv5AIwNA==

esbuild-linux-s390x@0.15.9:
  version "0.15.9"
  resolved "https://registry.yarnpkg.com/esbuild-linux-s390x/-/esbuild-linux-s390x-0.15.9.tgz#65fb645623d575780f155f0ee52935e62f9cca4f"
  integrity sha512-uDOQEH55wQ6ahcIKzQr3VyjGc6Po/xblLGLoUk3fVL1qjlZAibtQr6XRfy5wPJLu/M2o0vQKLq4lyJ2r1tWKcw==

esbuild-netbsd-64@0.15.9:
  version "0.15.9"
  resolved "https://registry.yarnpkg.com/esbuild-netbsd-64/-/esbuild-netbsd-64-0.15.9.tgz#7894297bb9e11f3d2f6f31efecd1be4e181f0d54"
  integrity sha512-yWgxaYTQz+TqX80wXRq6xAtb7GSBAp6gqLKfOdANg9qEmAI1Bxn04IrQr0Mzm4AhxvGKoHzjHjMgXbCCSSDxcw==

esbuild-openbsd-64@0.15.9:
  version "0.15.9"
  resolved "https://registry.yarnpkg.com/esbuild-openbsd-64/-/esbuild-openbsd-64-0.15.9.tgz#0f9d4c6b6772ae50d491d68ad4cc028300dda7c0"
  integrity sha512-JmS18acQl4iSAjrEha1MfEmUMN4FcnnrtTaJ7Qg0tDCOcgpPPQRLGsZqhes0vmx8VA6IqRyScqXvaL7+Q0Uf3A==

esbuild-sunos-64@0.15.9:
  version "0.15.9"
  resolved "https://registry.yarnpkg.com/esbuild-sunos-64/-/esbuild-sunos-64-0.15.9.tgz#c32b7ce574b08f814de810ce7c1e34b843768126"
  integrity sha512-UKynGSWpzkPmXW3D2UMOD9BZPIuRaSqphxSCwScfEE05Be3KAmvjsBhht1fLzKpiFVJb0BYMd4jEbWMyJ/z1hQ==

esbuild-windows-32@0.15.9:
  version "0.15.9"
  resolved "https://registry.yarnpkg.com/esbuild-windows-32/-/esbuild-windows-32-0.15.9.tgz#37a8f7cfccdb2177cd46613a1a1e1fcb419d36df"
  integrity sha512-aqXvu4/W9XyTVqO/hw3rNxKE1TcZiEYHPsXM9LwYmKSX9/hjvfIJzXwQBlPcJ/QOxedfoMVH0YnhhQ9Ffb0RGA==

esbuild-windows-64@0.15.9:
  version "0.15.9"
  resolved "https://registry.yarnpkg.com/esbuild-windows-64/-/esbuild-windows-64-0.15.9.tgz#5fe1e76fc13dd7f520febecaea110b6f1649c7b2"
  integrity sha512-zm7h91WUmlS4idMtjvCrEeNhlH7+TNOmqw5dJPJZrgFaxoFyqYG6CKDpdFCQXdyKpD5yvzaQBOMVTCBVKGZDEg==

esbuild-windows-arm64@0.15.9:
  version "0.15.9"
  resolved "https://registry.yarnpkg.com/esbuild-windows-arm64/-/esbuild-windows-arm64-0.15.9.tgz#98504428f7ba7d2cfc11940be68ee1139173fdce"
  integrity sha512-yQEVIv27oauAtvtuhJVfSNMztJJX47ismRS6Sv2QMVV9RM+6xjbMWuuwM2nxr5A2/gj/mu2z9YlQxiwoFRCfZA==

esbuild@^0.15.6:
  version "0.15.9"
  resolved "https://registry.yarnpkg.com/esbuild/-/esbuild-0.15.9.tgz#33fb18b67b85004b6f7616bec955ca4b3e58935d"
  integrity sha512-OnYr1rkMVxtmMHIAKZLMcEUlJmqcbxBz9QoBU8G9v455na0fuzlT/GLu6l+SRghrk0Mm2fSSciMmzV43Q8e0Gg==
  optionalDependencies:
    "@esbuild/android-arm" "0.15.9"
    "@esbuild/linux-loong64" "0.15.9"
    esbuild-android-64 "0.15.9"
    esbuild-android-arm64 "0.15.9"
    esbuild-darwin-64 "0.15.9"
    esbuild-darwin-arm64 "0.15.9"
    esbuild-freebsd-64 "0.15.9"
    esbuild-freebsd-arm64 "0.15.9"
    esbuild-linux-32 "0.15.9"
    esbuild-linux-64 "0.15.9"
    esbuild-linux-arm "0.15.9"
    esbuild-linux-arm64 "0.15.9"
    esbuild-linux-mips64le "0.15.9"
    esbuild-linux-ppc64le "0.15.9"
    esbuild-linux-riscv64 "0.15.9"
    esbuild-linux-s390x "0.15.9"
    esbuild-netbsd-64 "0.15.9"
    esbuild-openbsd-64 "0.15.9"
    esbuild-sunos-64 "0.15.9"
    esbuild-windows-32 "0.15.9"
    esbuild-windows-64 "0.15.9"
    esbuild-windows-arm64 "0.15.9"

escape-string-regexp@^1.0.5:
  version "1.0.5"
  resolved "https://registry.yarnpkg.com/escape-string-regexp/-/escape-string-regexp-1.0.5.tgz#1b61c0562190a8dff6ae3bb2cf0200ca130b86d4"
  integrity sha1-G2HAViGQqN/2rjuyzwIAyhMLhtQ=

fecha@^4.2.0:
  version "4.2.1"
  resolved "https://registry.yarnpkg.com/fecha/-/fecha-4.2.1.tgz#0a83ad8f86ef62a091e22bb5a039cd03d23eecce"
  integrity sha512-MMMQ0ludy/nBs1/o0zVOiKTpG7qMbonKUzjJgQFEuvq6INZ1OraKPRAWkBq5vlKLOUMpmNYG1JoN3oDPUQ9m3Q==

find-replace@^3.0.0:
  version "3.0.0"
  resolved "https://registry.yarnpkg.com/find-replace/-/find-replace-3.0.0.tgz#3e7e23d3b05167a76f770c9fbd5258b0def68c38"
  integrity sha512-6Tb2myMioCAgv5kfvP5/PkZZ/ntTpVK39fHY7WkWBgvbeE+VHd/tZuZ4mrC+bxh4cfOZeYKVPaJIZtZXV7GNCQ==
  dependencies:
    array-back "^3.0.1"

fn.name@1.x.x:
  version "1.1.0"
  resolved "https://registry.yarnpkg.com/fn.name/-/fn.name-1.1.0.tgz#26cad8017967aea8731bc42961d04a3d5988accc"
  integrity sha512-GRnmB5gPyJpAhTQdSZTSp9uaPSvl09KoYcMQtsB9rQoOmzs9dH6ffeccH+Z+cv6P68Hu5bC6JjRh4Ah/mHSNRw==

fs-extra@^10.0.0:
  version "10.0.0"
  resolved "https://registry.yarnpkg.com/fs-extra/-/fs-extra-10.0.0.tgz#9ff61b655dde53fb34a82df84bb214ce802e17c1"
  integrity sha512-C5owb14u9eJwizKGdchcDUQeFtlSHHthBk8pbX9Vc1PFZrLombudjDnNns88aYslCyF6IY5SUw3Roz6xShcEIQ==
  dependencies:
    graceful-fs "^4.2.0"
    jsonfile "^6.0.1"
    universalify "^2.0.0"

fs.realpath@^1.0.0:
  version "1.0.0"
  resolved "https://registry.yarnpkg.com/fs.realpath/-/fs.realpath-1.0.0.tgz#1504ad2523158caa40db4a2787cb01411994ea4f"
  integrity sha1-FQStJSMVjKpA20onh8sBQRmU6k8=

fsevents@~2.3.2:
  version "2.3.2"
  resolved "https://registry.yarnpkg.com/fsevents/-/fsevents-2.3.2.tgz#8a526f78b8fdf4623b709e0b975c52c24c02fd1a"
  integrity sha512-xiqMQR4xAeHTuB9uWm+fFRcIOgKBMiOBP+eXiyT7jsgVCq1bkVygt00oASowB7EdtpOHaaPgKt812P9ab+DDKA==

function-bind@^1.1.1:
  version "1.1.1"
  resolved "https://registry.yarnpkg.com/function-bind/-/function-bind-1.1.1.tgz#a56899d3ea3c9bab874bb9773b7c5ede92f4895d"
  integrity sha512-yIovAzMX49sF8Yl58fSCWJ5svSLuaibPxXQJFLmBObTuCr0Mf1KiPopGM9NiFjiYBCbfaa2Fh6breQ6ANVTI0A==

glob@^7.1.6:
  version "7.2.0"
  resolved "https://registry.yarnpkg.com/glob/-/glob-7.2.0.tgz#d15535af7732e02e948f4c41628bd910293f6023"
  integrity sha512-lmLf6gtyrPq8tTjSmrO94wBeQbFR3HbLHbuyD69wuyQkImp2hWqMGB47OX65FBkPffO641IP9jWa1z4ivqG26Q==
  dependencies:
    fs.realpath "^1.0.0"
    inflight "^1.0.4"
    inherits "2"
    minimatch "^3.0.4"
    once "^1.3.0"
    path-is-absolute "^1.0.0"

graceful-fs@^4.1.6, graceful-fs@^4.2.0:
  version "4.2.8"
  resolved "https://registry.yarnpkg.com/graceful-fs/-/graceful-fs-4.2.8.tgz#e412b8d33f5e006593cbd3cee6df9f2cebbe802a"
  integrity sha512-qkIilPUYcNhJpd33n0GBXTB1MMPp14TxEsEs0pTrsSVucApsYzW5V+Q8Qxhik6KU3evy+qkAAowTByymK0avdg==

has-flag@^3.0.0:
  version "3.0.0"
  resolved "https://registry.yarnpkg.com/has-flag/-/has-flag-3.0.0.tgz#b5d454dc2199ae225699f3467e5a07f3b955bafd"
  integrity sha1-tdRU3CGZriJWmfNGfloH87lVuv0=

has@^1.0.3:
  version "1.0.3"
  resolved "https://registry.yarnpkg.com/has/-/has-1.0.3.tgz#722d7cbfc1f6aa8241f16dd814e011e1f41e8796"
  integrity sha512-f2dvO0VU6Oej7RkWJGrehjbzMAjFp5/VKPp5tTpWIV4JHHZK1/BxbFRtf/siA2SWTe09caDmVtYYzWEIbBS4zw==
  dependencies:
    function-bind "^1.1.1"

inflight@^1.0.4:
  version "1.0.6"
  resolved "https://registry.yarnpkg.com/inflight/-/inflight-1.0.6.tgz#49bd6331d7d02d0c09bc910a1075ba8165b56df9"
  integrity sha1-Sb1jMdfQLQwJvJEKEHW6gWW1bfk=
  dependencies:
    once "^1.3.0"
    wrappy "1"

inherits@2, inherits@^2.0.3:
  version "2.0.4"
  resolved "https://registry.yarnpkg.com/inherits/-/inherits-2.0.4.tgz#0fa2c64f932917c3433a0ded55363aae37416b7c"
  integrity sha512-k/vGaX4/Yla3WzyMCvTQOXYeIHvqOKtnqBduzTHpzpQZzAskKMhZ2K+EnBiSM9zGSoIFeMpXKxa4dYeZIQqewQ==

is-arrayish@^0.3.1:
  version "0.3.2"
  resolved "https://registry.yarnpkg.com/is-arrayish/-/is-arrayish-0.3.2.tgz#4574a2ae56f7ab206896fb431eaeed066fdf8f03"
  integrity sha512-eVRqCvVlZbuw3GrM63ovNSNAeA1K16kaR/LRY/92w0zxQ5/1YzwblUX652i4Xs9RwAGjW9d9y6X88t8OaAJfWQ==

is-core-module@^2.9.0:
  version "2.10.0"
  resolved "https://registry.yarnpkg.com/is-core-module/-/is-core-module-2.10.0.tgz#9012ede0a91c69587e647514e1d5277019e728ed"
  integrity sha512-Erxj2n/LDAZ7H8WNJXd9tw38GYM3dv8rk8Zcs+jJuxYTW7sozH+SS8NtrSjVL1/vpLvWi1hxy96IzjJ3EHTJJg==
  dependencies:
    has "^1.0.3"

is-stream@^2.0.0:
  version "2.0.1"
  resolved "https://registry.yarnpkg.com/is-stream/-/is-stream-2.0.1.tgz#fac1e3d53b97ad5a9d0ae9cef2389f5810a5c077"
  integrity sha512-hFoiJiTl63nn+kstHGBtewWSKnQLpyb155KHheA1l39uvtO9nWIop1p3udqPcUd/xbF1VLMO4n7OI6p7RbngDg==

jsonfile@^6.0.1:
  version "6.1.0"
  resolved "https://registry.yarnpkg.com/jsonfile/-/jsonfile-6.1.0.tgz#bc55b2634793c679ec6403094eb13698a6ec0aae"
  integrity sha512-5dgndWOriYSm5cnYaJNhalLNDKOqFwyDB/rr1E9ZsGciGvKPs8R2xYGCacuf3z6K1YKDz182fd+fY3cn3pMqXQ==
  dependencies:
    universalify "^2.0.0"
  optionalDependencies:
    graceful-fs "^4.1.6"

jsxbin@^2.2.0:
  version "2.2.0"
  resolved "https://registry.yarnpkg.com/jsxbin/-/jsxbin-2.2.0.tgz#7058827ed3fa1591e2252caf9f457fd92810b2ec"
  integrity sha512-FHrqG02s5FW9N1a9Cjv2b+fjr1vtXgE8NUbYd103O6DEUdKunvY7b/UZSGx9+Fz/y9Grz09d+n/9vbH1Cz21lw==
  dependencies:
    command-line-args "^5.1.1"
    command-line-usage "^6.1.1"
    glob "^7.1.6"
    mkdirp "^1.0.4"
    winston "^3.3.3"

kuler@^2.0.0:
  version "2.0.0"
  resolved "https://registry.yarnpkg.com/kuler/-/kuler-2.0.0.tgz#e2c570a3800388fb44407e851531c1d670b061b3"
  integrity sha512-Xq9nH7KlWZmXAtodXDDRE7vs6DU1gTU8zYDHDiWLSip45Egwq3plLHzPn27NgvzL2r1LMPC1vdqh98sQxtqj4A==

lodash.camelcase@^4.3.0:
  version "4.3.0"
  resolved "https://registry.yarnpkg.com/lodash.camelcase/-/lodash.camelcase-4.3.0.tgz#b28aa6288a2b9fc651035c7711f65ab6190331a6"
  integrity sha1-soqmKIorn8ZRA1x3EfZathkDMaY=

logform@^2.3.2:
  version "2.3.2"
  resolved "https://registry.yarnpkg.com/logform/-/logform-2.3.2.tgz#68babe6a74ab09a1fd15a9b1e6cbc7713d41cb5b"
  integrity sha512-V6JiPThZzTsbVRspNO6TmHkR99oqYTs8fivMBYQkjZj6rxW92KxtDCPE6IkAk1DNBnYKNkjm4jYBm6JDUcyhOA==
  dependencies:
    colors "1.4.0"
    fecha "^4.2.0"
    ms "^2.1.1"
    safe-stable-stringify "^1.1.0"
    triple-beam "^1.3.0"

magic-string@^0.25.7:
  version "0.25.7"
  resolved "https://registry.yarnpkg.com/magic-string/-/magic-string-0.25.7.tgz#3f497d6fd34c669c6798dcb821f2ef31f5445051"
  integrity sha512-4CrMT5DOHTDk4HYDlzmwu4FVCcIYI8gauveasrdCu2IKIFOJ3f0v/8MDGJCDL9oD2ppz/Av1b0Nj345H9M+XIA==
  dependencies:
    sourcemap-codec "^1.4.4"

make-error@^1.1.1:
  version "1.3.6"
  resolved "https://registry.yarnpkg.com/make-error/-/make-error-1.3.6.tgz#2eb2e37ea9b67c4891f684a1394799af484cf7a2"
  integrity sha512-s8UhlNe7vPKomQhC1qFelMokr/Sc3AgNbso3n74mVPA5LTZwkB9NlXf4XPamLxJE8h0gh73rM94xvwRT2CVInw==

minimatch@^3.0.4:
  version "3.0.5"
  resolved "https://registry.yarnpkg.com/minimatch/-/minimatch-3.0.5.tgz#4da8f1290ee0f0f8e83d60ca69f8f134068604a3"
  integrity sha512-tUpxzX0VAzJHjLu0xUfFv1gwVp9ba3IOuRAVH2EGuRW8a5emA2FlACLqiT/lDVtS1W+TGNwqz3sWaNyLgDJWuw==
  dependencies:
    brace-expansion "^1.1.7"

mkdirp@^1.0.4:
  version "1.0.4"
  resolved "https://registry.yarnpkg.com/mkdirp/-/mkdirp-1.0.4.tgz#3eb5ed62622756d79a5f0e2a221dfebad75c2f7e"
  integrity sha512-vVqVZQyf3WLx2Shd0qJ9xuvqgAyKPLAiqITEtqW0oIUjzo3PePDd6fW9iFz30ef7Ysp/oiWqbhszeGWW2T6Gzw==

ms@^2.1.1:
  version "2.1.3"
  resolved "https://registry.yarnpkg.com/ms/-/ms-2.1.3.tgz#574c8138ce1d2b5861f0b44579dbadd60c6615b2"
  integrity sha512-6FlzubTLZG3J2a/NVCAleEhjzq5oxgHyaCU9yYXvcLsvoVaHJq/s5xXI6/XXP6tz7R9xAOtHnSO/tXtF3WRTlA==

nanoid@^3.3.4:
  version "3.3.4"
  resolved "https://registry.yarnpkg.com/nanoid/-/nanoid-3.3.4.tgz#730b67e3cd09e2deacf03c027c81c9d9dbc5e8ab"
  integrity sha512-MqBkQh/OHTS2egovRtLk45wEyNXwF+cokD+1YPf9u5VfJiRdAiRwB2froX5Co9Rh20xs4siNPm8naNotSD6RBw==

once@^1.3.0:
  version "1.4.0"
  resolved "https://registry.yarnpkg.com/once/-/once-1.4.0.tgz#583b1aa775961d4b113ac17d9c50baef9dd76bd1"
  integrity sha1-WDsap3WWHUsROsF9nFC6753Xa9E=
  dependencies:
    wrappy "1"

one-time@^1.0.0:
  version "1.0.0"
  resolved "https://registry.yarnpkg.com/one-time/-/one-time-1.0.0.tgz#e06bc174aed214ed58edede573b433bbf827cb45"
  integrity sha512-5DXOiRKwuSEcQ/l0kGCF6Q3jcADFv5tSmRaJck/OqkVFcOzutB134KRSfF0xDrL39MNnqxbHBbUUcjZIhTgb2g==
  dependencies:
    fn.name "1.x.x"

path-is-absolute@^1.0.0:
  version "1.0.1"
  resolved "https://registry.yarnpkg.com/path-is-absolute/-/path-is-absolute-1.0.1.tgz#174b9268735534ffbc7ace6bf53a5a9e1b5c5f5f"
  integrity sha1-F0uSaHNVNP+8es5r9TpanhtcX18=

path-parse@^1.0.7:
  version "1.0.7"
  resolved "https://registry.yarnpkg.com/path-parse/-/path-parse-1.0.7.tgz#fbc114b60ca42b30d9daf5858e4bd68bbedb6735"
  integrity sha512-LDJzPVEEEPR+y48z93A0Ed0yXb8pAByGWo/k5YYdYgpY2/2EsOsksJrq7lOHxryrVOn1ejG6oAp8ahvOIQD8sw==

picocolors@^1.0.0:
  version "1.0.0"
  resolved "https://registry.yarnpkg.com/picocolors/-/picocolors-1.0.0.tgz#cb5bdc74ff3f51892236eaf79d68bc44564ab81c"
  integrity sha512-1fygroTLlHu66zi26VoTDv8yRgm0Fccecssto+MhsZ0D/DGW2sm8E8AjW7NU5VVTRt5GxbeZ5qBuJr+HyLYkjQ==

postcss@^8.4.16:
  version "8.4.16"
  resolved "https://registry.yarnpkg.com/postcss/-/postcss-8.4.16.tgz#33a1d675fac39941f5f445db0de4db2b6e01d43c"
  integrity sha512-ipHE1XBvKzm5xI7hiHCZJCSugxvsdq2mPnsq5+UF+VHCjiBvtDrlxJfMBToWaP9D5XlgNmcFGqoHmUn0EYEaRQ==
  dependencies:
    nanoid "^3.3.4"
    picocolors "^1.0.0"
    source-map-js "^1.0.2"

prettify-xml@^1.2.0:
  version "1.2.0"
  resolved "https://registry.yarnpkg.com/prettify-xml/-/prettify-xml-1.2.0.tgz#46dcf1ee8a8d8b73db30b7e06ef26dc9cf3f6f18"
  integrity sha1-Rtzx7oqNi3PbMLfgbvJtyc8/bxg=

readable-stream@^3.4.0, readable-stream@^3.6.0:
  version "3.6.0"
  resolved "https://registry.yarnpkg.com/readable-stream/-/readable-stream-3.6.0.tgz#337bbda3adc0706bd3e024426a286d4b4b2c9198"
  integrity sha512-BViHy7LKeTz4oNnkcLJ+lVSL6vpiFeX6/d3oSH8zCW7UxP2onchk+vTGB143xuFjHS3deTgkKoXXymXqymiIdA==
  dependencies:
    inherits "^2.0.3"
    string_decoder "^1.1.1"
    util-deprecate "^1.0.1"

reduce-flatten@^2.0.0:
  version "2.0.0"
  resolved "https://registry.yarnpkg.com/reduce-flatten/-/reduce-flatten-2.0.0.tgz#734fd84e65f375d7ca4465c69798c25c9d10ae27"
  integrity sha512-EJ4UNY/U1t2P/2k6oqotuX2Cc3T6nxJwsM0N0asT7dhrtH1ltUxDn4NalSYmPE2rCkVpcf/X6R0wDwcFpzhd4w==

resolve@^1.22.1:
  version "1.22.1"
  resolved "https://registry.yarnpkg.com/resolve/-/resolve-1.22.1.tgz#27cb2ebb53f91abb49470a928bba7558066ac177"
  integrity sha512-nBpuuYuY5jFsli/JIs1oldw6fOQCBioohqWZg/2hiaOybXOft4lonv85uDOKXdf8rhyK159cxU5cDcK/NKk8zw==
  dependencies:
    is-core-module "^2.9.0"
    path-parse "^1.0.7"
    supports-preserve-symlinks-flag "^1.0.0"

rollup@~2.78.0:
  version "2.78.1"
  resolved "https://registry.yarnpkg.com/rollup/-/rollup-2.78.1.tgz#52fe3934d9c83cb4f7c4cb5fb75d88591be8648f"
  integrity sha512-VeeCgtGi4P+o9hIg+xz4qQpRl6R401LWEXBmxYKOV4zlF82lyhgh2hTZnheFUbANE8l2A41F458iwj2vEYaXJg==
  optionalDependencies:
    fsevents "~2.3.2"

safe-buffer@~5.2.0:
  version "5.2.1"
  resolved "https://registry.yarnpkg.com/safe-buffer/-/safe-buffer-5.2.1.tgz#1eaf9fa9bdb1fdd4ec75f58f9cdb4e6b7827eec6"
  integrity sha512-rp3So07KcdmmKbGvgaNxQSJr7bGVSVk5S9Eq1F+ppbRo70+YeaDxkw5Dd8NPN+GD6bjnYm2VuPuCXmpuYvmCXQ==

safe-stable-stringify@^1.1.0:
  version "1.1.1"
  resolved "https://registry.yarnpkg.com/safe-stable-stringify/-/safe-stable-stringify-1.1.1.tgz#c8a220ab525cd94e60ebf47ddc404d610dc5d84a"
  integrity sha512-ERq4hUjKDbJfE4+XtZLFPCDi8Vb1JqaxAPTxWFLBx8XcAlf9Bda/ZJdVezs/NAfsMQScyIlUMx+Yeu7P7rx5jw==

safe-stable-stringify@^2.3.1:
  version "2.3.1"
  resolved "https://registry.yarnpkg.com/safe-stable-stringify/-/safe-stable-stringify-2.3.1.tgz#ab67cbe1fe7d40603ca641c5e765cb942d04fc73"
  integrity sha512-kYBSfT+troD9cDA85VDnHZ1rpHC50O0g1e6WlGHVCz/g+JS+9WKLj+XwFYyR8UbrZN8ll9HUpDAAddY58MGisg==

simple-swizzle@^0.2.2:
  version "0.2.2"
  resolved "https://registry.yarnpkg.com/simple-swizzle/-/simple-swizzle-0.2.2.tgz#a4da6b635ffcccca33f70d17cb92592de95e557a"
  integrity sha1-pNprY1/8zMoz9w0Xy5JZLeleVXo=
  dependencies:
    is-arrayish "^0.3.1"

source-map-js@^1.0.2:
  version "1.0.2"
  resolved "https://registry.yarnpkg.com/source-map-js/-/source-map-js-1.0.2.tgz#adbc361d9c62df380125e7f161f71c826f1e490c"
  integrity sha512-R0XvVJ9WusLiqTCEiGCmICCMplcCkIwwR11mOSD9CR5u+IXYdiseeEuXCVAjS54zqwkLcPNnmU4OeJ6tUrWhDw==

sourcemap-codec@^1.4.4:
  version "1.4.8"
  resolved "https://registry.yarnpkg.com/sourcemap-codec/-/sourcemap-codec-1.4.8.tgz#ea804bd94857402e6992d05a38ef1ae35a9ab4c4"
  integrity sha512-9NykojV5Uih4lgo5So5dtw+f0JgJX30KCNI8gwhz2J9A15wD0Ml6tjHKwf6fTSa6fAdVBdZeNOs9eJ71qCk8vA==

stack-trace@0.0.x:
  version "0.0.10"
  resolved "https://registry.yarnpkg.com/stack-trace/-/stack-trace-0.0.10.tgz#547c70b347e8d32b4e108ea1a2a159e5fdde19c0"
  integrity sha1-VHxws0fo0ytOEI6hoqFZ5f3eGcA=

string_decoder@^1.1.1:
  version "1.3.0"
  resolved "https://registry.yarnpkg.com/string_decoder/-/string_decoder-1.3.0.tgz#42f114594a46cf1a8e30b0a84f56c78c3edac21e"
  integrity sha512-hkRX8U1WjJFd8LsDJ2yQ/wWWxaopEsABU1XfkM8A+j0+85JAGppt16cr1Whg6KIbb4okU6Mql6BOj+uup/wKeA==
  dependencies:
    safe-buffer "~5.2.0"

supports-color@^5.3.0:
  version "5.5.0"
  resolved "https://registry.yarnpkg.com/supports-color/-/supports-color-5.5.0.tgz#e2e69a44ac8772f78a1ec0b35b689df6530efc8f"
  integrity sha512-QjVjwdXIt408MIiAqCX4oUKsgU2EqAGzs2Ppkm4aQYbjm+ZEWEcW4SfFNTr4uMNZma0ey4f5lgLrkB0aX0QMow==
  dependencies:
    has-flag "^3.0.0"

supports-preserve-symlinks-flag@^1.0.0:
  version "1.0.0"
  resolved "https://registry.yarnpkg.com/supports-preserve-symlinks-flag/-/supports-preserve-symlinks-flag-1.0.0.tgz#6eda4bd344a3c94aea376d4cc31bc77311039e09"
  integrity sha512-ot0WnXS9fgdkgIcePe6RHNk1WA8+muPa6cSjeR3V8K27q9BB1rTE3R1p7Hv0z1ZyAc8s6Vvv8DIyWf681MAt0w==

table-layout@^1.0.1:
  version "1.0.2"
  resolved "https://registry.yarnpkg.com/table-layout/-/table-layout-1.0.2.tgz#c4038a1853b0136d63365a734b6931cf4fad4a04"
  integrity sha512-qd/R7n5rQTRFi+Zf2sk5XVVd9UQl6ZkduPFC3S7WEGJAmetDTjY3qPN50eSKzwuzEyQKy5TN2TiZdkIjos2L6A==
  dependencies:
    array-back "^4.0.1"
    deep-extend "~0.6.0"
    typical "^5.2.0"
    wordwrapjs "^4.0.0"

text-hex@1.0.x:
  version "1.0.0"
  resolved "https://registry.yarnpkg.com/text-hex/-/text-hex-1.0.0.tgz#69dc9c1b17446ee79a92bf5b884bb4b9127506f5"
  integrity sha512-uuVGNWzgJ4yhRaNSiubPY7OjISw4sw4E5Uv0wbjp+OzcbmVU/rsT8ujgcXJhn9ypzsgr5vlzpPqP+MBBKcGvbg==

triple-beam@^1.3.0:
  version "1.3.0"
  resolved "https://registry.yarnpkg.com/triple-beam/-/triple-beam-1.3.0.tgz#a595214c7298db8339eeeee083e4d10bd8cb8dd9"
  integrity sha512-XrHUvV5HpdLmIj4uVMxHggLbFSZYIn7HEWsqePZcI50pco+MPqJ50wMGY794X7AOOhxOBAjbkqfAbEe/QMp2Lw==

ts-node@^10.4.0:
  version "10.4.0"
  resolved "https://registry.yarnpkg.com/ts-node/-/ts-node-10.4.0.tgz#680f88945885f4e6cf450e7f0d6223dd404895f7"
  integrity sha512-g0FlPvvCXSIO1JDF6S232P5jPYqBkRL9qly81ZgAOSU7rwI0stphCgd2kLiCrU9DjQCrJMWEqcNSjQL02s6d8A==
  dependencies:
    "@cspotcode/source-map-support" "0.7.0"
    "@tsconfig/node10" "^1.0.7"
    "@tsconfig/node12" "^1.0.7"
    "@tsconfig/node14" "^1.0.0"
    "@tsconfig/node16" "^1.0.2"
    acorn "^8.4.1"
    acorn-walk "^8.1.1"
    arg "^4.1.0"
    create-require "^1.1.0"
    diff "^4.0.1"
    make-error "^1.1.1"
    yn "3.1.1"

typescript@^4.5.3:
  version "4.5.3"
  resolved "https://registry.yarnpkg.com/typescript/-/typescript-4.5.3.tgz#afaa858e68c7103317d89eb90c5d8906268d353c"
  integrity sha512-eVYaEHALSt+s9LbvgEv4Ef+Tdq7hBiIZgii12xXJnukryt3pMgJf6aKhoCZ3FWQsu6sydEnkg11fYXLzhLBjeQ==

typical@^4.0.0:
  version "4.0.0"
  resolved "https://registry.yarnpkg.com/typical/-/typical-4.0.0.tgz#cbeaff3b9d7ae1e2bbfaf5a4e6f11eccfde94fc4"
  integrity sha512-VAH4IvQ7BDFYglMd7BPRDfLgxZZX4O4TFcRDA6EN5X7erNJJq+McIEp8np9aVtxrCJ6qx4GTYVfOWNjcqwZgRw==

typical@^5.2.0:
  version "5.2.0"
  resolved "https://registry.yarnpkg.com/typical/-/typical-5.2.0.tgz#4daaac4f2b5315460804f0acf6cb69c52bb93066"
  integrity sha512-dvdQgNDNJo+8B2uBQoqdb11eUCE1JQXhvjC/CZtgvZseVd5TYMXnq0+vuUemXbd/Se29cTaUuPX3YIc2xgbvIg==

universalify@^2.0.0:
  version "2.0.0"
  resolved "https://registry.yarnpkg.com/universalify/-/universalify-2.0.0.tgz#75a4984efedc4b08975c5aeb73f530d02df25717"
  integrity sha512-hAZsKq7Yy11Zu1DE0OzWjw7nnLZmJZYTDZZyEFHZdUhV8FkH5MCfoU1XMaxXovpyW5nq5scPqq0ZDP9Zyl04oQ==

util-deprecate@^1.0.1:
  version "1.0.2"
  resolved "https://registry.yarnpkg.com/util-deprecate/-/util-deprecate-1.0.2.tgz#450d4dc9fa70de732762fbd2d4a28981419a0ccf"
  integrity sha1-RQ1Nyfpw3nMnYvvS1KKJgUGaDM8=

vite@^3.1.3:
  version "3.1.3"
  resolved "https://registry.yarnpkg.com/vite/-/vite-3.1.3.tgz#b2a0821c11aae124bb7618f8036913c689afcc59"
  integrity sha512-/3XWiktaopByM5bd8dqvHxRt5EEgRikevnnrpND0gRfNkrMrPaGGexhtLCzv15RcCMtV2CLw+BPas8YFeSG0KA==
  dependencies:
    esbuild "^0.15.6"
    postcss "^8.4.16"
    resolve "^1.22.1"
    rollup "~2.78.0"
  optionalDependencies:
    fsevents "~2.3.2"

winston-transport@^4.4.2:
  version "4.5.0"
  resolved "https://registry.yarnpkg.com/winston-transport/-/winston-transport-4.5.0.tgz#6e7b0dd04d393171ed5e4e4905db265f7ab384fa"
  integrity sha512-YpZzcUzBedhlTAfJg6vJDlyEai/IFMIVcaEZZyl3UXIl4gmqRpU7AE89AHLkbzLUsv0NVmw7ts+iztqKxxPW1Q==
  dependencies:
    logform "^2.3.2"
    readable-stream "^3.6.0"
    triple-beam "^1.3.0"

winston@^3.3.3:
  version "3.5.1"
  resolved "https://registry.yarnpkg.com/winston/-/winston-3.5.1.tgz#b25cc899d015836dbf8c583dec8c4c4483a0da2e"
  integrity sha512-tbRtVy+vsSSCLcZq/8nXZaOie/S2tPXPFt4be/Q3vI/WtYwm7rrwidxVw2GRa38FIXcJ1kUM6MOZ9Jmnk3F3UA==
  dependencies:
    "@dabh/diagnostics" "^2.0.2"
    async "^3.2.3"
    is-stream "^2.0.0"
    logform "^2.3.2"
    one-time "^1.0.0"
    readable-stream "^3.4.0"
    safe-stable-stringify "^2.3.1"
    stack-trace "0.0.x"
    triple-beam "^1.3.0"
    winston-transport "^4.4.2"

wordwrapjs@^4.0.0:
  version "4.0.1"
  resolved "https://registry.yarnpkg.com/wordwrapjs/-/wordwrapjs-4.0.1.tgz#d9790bccfb110a0fc7836b5ebce0937b37a8b98f"
  integrity sha512-kKlNACbvHrkpIw6oPeYDSmdCTu2hdMHoyXLTcUKala++lx5Y+wjJ/e474Jqv5abnVmwxw08DiTuHmw69lJGksA==
  dependencies:
    reduce-flatten "^2.0.0"
    typical "^5.2.0"

wrappy@1:
  version "1.0.2"
  resolved "https://registry.yarnpkg.com/wrappy/-/wrappy-1.0.2.tgz#b5243d8f3ec1aa35f1364605bc0d1036e30ab69f"
  integrity sha1-tSQ9jz7BqjXxNkYFvA0QNuMKtp8=

yn@3.1.1:
  version "3.1.1"
  resolved "https://registry.yarnpkg.com/yn/-/yn-3.1.1.tgz#1e87401a09d767c1d5eab26a6e4c185182d2eb50"
  integrity sha512-Ux4ygGWsu2c7isFWe8Yu1YluJmqVhxqK2cLXNQA5AcC3QfbGNpM7fu0Y8b/z16pXLnFxZYvWhd3fhBY9DLmC6Q==
